
Microsoft Visual Studio Solution File, Format Version 12.00
# Visual Studio 15
VisualStudioVersion = 15.0.28307.102
MinimumVisualStudioVersion = 10.0.40219.1
Project("{FAE04EC0-301F-11D3-BF4B-00C04F79EFBC}") = "7.7", "7.7.csproj", "{7FDBAF30-86A9-4955-8F68-A168F3E28D94}"
EndProject
Global
	GlobalSection(SolutionConfigurationPlatforms) = preSolution
		Debug|Any CPU = Debug|Any CPU
		Release|Any CPU = Release|Any CPU
	EndGlobalSection
	GlobalSection(ProjectConfigurationPlatforms) = postSolution
		{7FDBAF30-86A9-4955-8F68-A168F3E28D94}.Debug|Any CPU.ActiveCfg = Debug|Any CPU
		{7FDBAF30-86A9-4955-8F68-A168F3E28D94}.Debug|Any CPU.Build.0 = Debug|Any CPU
		{7FDBAF30-86A9-4955-8F68-A168F3E28D94}.Release|Any CPU.ActiveCfg = Release|Any CPU
		{7FDBAF30-86A9-4955-8F68-A168F3E28D94}.Release|Any CPU.Build.0 = Release|Any CPU
	EndGlobalSection
	GlobalSection(SolutionProperties) = preSolution
		HideSolutionNode = FALSE
	EndGlobalSection
	GlobalSection(ExtensibilityGlobals) = postSolution
		SolutionGuid = {E25E5C5E-5475-4B48-B7CB-276018F649B5}
	EndGlobalSection
EndGlobal
