
Microsoft Visual Studio Solution File, Format Version 12.00
# Visual Studio 15
VisualStudioVersion = 15.0.28307.102
MinimumVisualStudioVersion = 10.0.40219.1
Project("{FAE04EC0-301F-11D3-BF4B-00C04F79EFBC}") = "7,5", "7,5.csproj", "{566525B4-D688-4FEA-804E-D490FA24FF11}"
EndProject
Global
	GlobalSection(SolutionConfigurationPlatforms) = preSolution
		Debug|Any CPU = Debug|Any CPU
		Release|Any CPU = Release|Any CPU
	EndGlobalSection
	GlobalSection(ProjectConfigurationPlatforms) = postSolution
		{566525B4-D688-4FEA-804E-D490FA24FF11}.Debug|Any CPU.ActiveCfg = Debug|Any CPU
		{566525B4-D688-4FEA-804E-D490FA24FF11}.Debug|Any CPU.Build.0 = Debug|Any CPU
		{566525B4-D688-4FEA-804E-D490FA24FF11}.Release|Any CPU.ActiveCfg = Release|Any CPU
		{566525B4-D688-4FEA-804E-D490FA24FF11}.Release|Any CPU.Build.0 = Release|Any CPU
	EndGlobalSection
	GlobalSection(SolutionProperties) = preSolution
		HideSolutionNode = FALSE
	EndGlobalSection
	GlobalSection(ExtensibilityGlobals) = postSolution
		SolutionGuid = {F20D8477-4619-4C0B-9C0D-7A1DDF973523}
	EndGlobalSection
EndGlobal
